
Microsoft Visual Studio Solution File, Format Version 12.00
# Visual Studio Version 16
VisualStudioVersion = 16.0.31205.134
MinimumVisualStudioVersion = 10.0.40219.1
Project("{FAE04EC0-301F-11D3-BF4B-00C04F79EFBC}") = "HillMaster", "HillMaster\HillMaster.csproj", "{074A73BC-2B79-4573-9137-317AA83BE6FE}"
EndProject
Global
	GlobalSection(SolutionConfigurationPlatforms) = preSolution
		Debug|Any CPU = Debug|Any CPU
		Release|Any CPU = Release|Any CPU
	EndGlobalSection
	GlobalSection(ProjectConfigurationPlatforms) = postSolution
		{074A73BC-2B79-4573-9137-317AA83BE6FE}.Debug|Any CPU.ActiveCfg = Debug|Any CPU
		{074A73BC-2B79-4573-9137-317AA83BE6FE}.Debug|Any CPU.Build.0 = Debug|Any CPU
		{074A73BC-2B79-4573-9137-317AA83BE6FE}.Release|Any CPU.ActiveCfg = Release|Any CPU
		{074A73BC-2B79-4573-9137-317AA83BE6FE}.Release|Any CPU.Build.0 = Release|Any CPU
	EndGlobalSection
	GlobalSection(SolutionProperties) = preSolution
		HideSolutionNode = FALSE
	EndGlobalSection
	GlobalSection(ExtensibilityGlobals) = postSolution
		SolutionGuid = {05AAC341-63C4-4169-B900-AFBC7B89C94D}
	EndGlobalSection
EndGlobal
